{
  "pins" : [
    {
      "identity" : "dater",
      "kind" : "remoteSourceControl",
      "location" : "https://github.com/archivable/dater.git",
      "state" : {
        "branch" : "main",
        "revision" : "991a33d8365df1b673a9e7244a1b4994e3f10684"
      }
    },
    {
      "identity" : "package",
      "kind" : "remoteSourceControl",
      "location" : "https://github.com/archivable/package.git",
      "state" : {
        "branch" : "main",
        "revision" : "175d70de9166d41e60562db14897ee6cc2092c6d"
      }
    }
  ],
  "version" : 2
}
