{
  "object": {
    "pins": [
      {
        "package": "Archivable",
        "repositoryURL": "https://github.com/archivable/package.git",
        "state": {
          "branch": "main",
          "revision": "8316fa2474e248cf075aa467018384ef0aa1e1e4",
          "version": null
        }
      }
    ]
  },
  "version": 1
}
